
Microsoft Visual Studio Solution File, Format Version 12.00
# Visual Studio 15
Project("{FAE04EC0-301F-11D3-BF4B-00C04F79EFBC}") = "SimpleWebTransport", "SimpleWebTransport.csproj", "{4A346524-21FA-E9AC-5BCA-50C2502A5C3D}"
EndProject
Project("{FAE04EC0-301F-11D3-BF4B-00C04F79EFBC}") = "Mirror", "Mirror.csproj", "{C44EE6C8-286B-DB72-5A38-5A5455C8C4F6}"
EndProject
Project("{FAE04EC0-301F-11D3-BF4B-00C04F79EFBC}") = "Telepathy", "Telepathy.csproj", "{7FB29E28-0CAA-EB8E-826E-A63831C1ABC2}"
EndProject
Project("{FAE04EC0-301F-11D3-BF4B-00C04F79EFBC}") = "Mirror.Cloud", "Mirror.Cloud.csproj", "{AFD8CA1B-4A6F-7355-72BA-738C8E146B41}"
EndProject
Project("{FAE04EC0-301F-11D3-BF4B-00C04F79EFBC}") = "Mirror.Components", "Mirror.Components.csproj", "{F6DA0A38-062E-98BB-21F0-5800B3A64AC9}"
EndProject
Project("{FAE04EC0-301F-11D3-BF4B-00C04F79EFBC}") = "Assembly-CSharp", "Assembly-CSharp.csproj", "{095F44AA-10E3-42A5-9AB8-E6CC9B48EA16}"
EndProject
Project("{FAE04EC0-301F-11D3-BF4B-00C04F79EFBC}") = "Mirror.Examples", "Mirror.Examples.csproj", "{842BF638-F410-C8E0-EDDC-4ACBBF730343}"
EndProject
Project("{FAE04EC0-301F-11D3-BF4B-00C04F79EFBC}") = "Mirror.Examples.Cloud.GUI", "Mirror.Examples.Cloud.GUI.csproj", "{F858B141-4EAC-9BAC-FF9D-493F1629669F}"
EndProject
Project("{FAE04EC0-301F-11D3-BF4B-00C04F79EFBC}") = "Mirror.Examples.Cloud.Pong", "Mirror.Examples.Cloud.Pong.csproj", "{01AE4A69-8E6C-A2DA-DDA6-74ADDDEA74B7}"
EndProject
Project("{FAE04EC0-301F-11D3-BF4B-00C04F79EFBC}") = "Mirror.Authenticators", "Mirror.Authenticators.csproj", "{BBA3E368-D117-3FCA-1D5C-2103EB2D18AB}"
EndProject
Project("{FAE04EC0-301F-11D3-BF4B-00C04F79EFBC}") = "Mirror.example.RigidbodyPhysics", "Mirror.example.RigidbodyPhysics.csproj", "{7E7B4446-292A-36DB-857D-90FA8D5BF750}"
EndProject
Project("{FAE04EC0-301F-11D3-BF4B-00C04F79EFBC}") = "Mirror.Weaver", "Mirror.Weaver.csproj", "{3B0D1C8D-375C-8C09-780D-C7D2534CD1AA}"
EndProject
Project("{FAE04EC0-301F-11D3-BF4B-00C04F79EFBC}") = "Mirror.Editor", "Mirror.Editor.csproj", "{1D22DB55-49EE-F92F-F171-577178359519}"
EndProject
Project("{FAE04EC0-301F-11D3-BF4B-00C04F79EFBC}") = "Mirror.CompilerSymbols", "Mirror.CompilerSymbols.csproj", "{1520786F-126D-80C3-2127-EE66894E119F}"
EndProject
Global
	GlobalSection(SolutionConfigurationPlatforms) = preSolution
		Debug|Any CPU = Debug|Any CPU
		Release|Any CPU = Release|Any CPU
	EndGlobalSection
	GlobalSection(ProjectConfigurationPlatforms) = postSolution
		{4A346524-21FA-E9AC-5BCA-50C2502A5C3D}.Debug|Any CPU.ActiveCfg = Debug|Any CPU
		{4A346524-21FA-E9AC-5BCA-50C2502A5C3D}.Debug|Any CPU.Build.0 = Debug|Any CPU
		{4A346524-21FA-E9AC-5BCA-50C2502A5C3D}.Release|Any CPU.ActiveCfg = Release|Any CPU
		{4A346524-21FA-E9AC-5BCA-50C2502A5C3D}.Release|Any CPU.Build.0 = Release|Any CPU
		{C44EE6C8-286B-DB72-5A38-5A5455C8C4F6}.Debug|Any CPU.ActiveCfg = Debug|Any CPU
		{C44EE6C8-286B-DB72-5A38-5A5455C8C4F6}.Debug|Any CPU.Build.0 = Debug|Any CPU
		{C44EE6C8-286B-DB72-5A38-5A5455C8C4F6}.Release|Any CPU.ActiveCfg = Release|Any CPU
		{C44EE6C8-286B-DB72-5A38-5A5455C8C4F6}.Release|Any CPU.Build.0 = Release|Any CPU
		{7FB29E28-0CAA-EB8E-826E-A63831C1ABC2}.Debug|Any CPU.ActiveCfg = Debug|Any CPU
		{7FB29E28-0CAA-EB8E-826E-A63831C1ABC2}.Debug|Any CPU.Build.0 = Debug|Any CPU
		{7FB29E28-0CAA-EB8E-826E-A63831C1ABC2}.Release|Any CPU.ActiveCfg = Release|Any CPU
		{7FB29E28-0CAA-EB8E-826E-A63831C1ABC2}.Release|Any CPU.Build.0 = Release|Any CPU
		{AFD8CA1B-4A6F-7355-72BA-738C8E146B41}.Debug|Any CPU.ActiveCfg = Debug|Any CPU
		{AFD8CA1B-4A6F-7355-72BA-738C8E146B41}.Debug|Any CPU.Build.0 = Debug|Any CPU
		{AFD8CA1B-4A6F-7355-72BA-738C8E146B41}.Release|Any CPU.ActiveCfg = Release|Any CPU
		{AFD8CA1B-4A6F-7355-72BA-738C8E146B41}.Release|Any CPU.Build.0 = Release|Any CPU
		{F6DA0A38-062E-98BB-21F0-5800B3A64AC9}.Debug|Any CPU.ActiveCfg = Debug|Any CPU
		{F6DA0A38-062E-98BB-21F0-5800B3A64AC9}.Debug|Any CPU.Build.0 = Debug|Any CPU
		{F6DA0A38-062E-98BB-21F0-5800B3A64AC9}.Release|Any CPU.ActiveCfg = Release|Any CPU
		{F6DA0A38-062E-98BB-21F0-5800B3A64AC9}.Release|Any CPU.Build.0 = Release|Any CPU
		{095F44AA-10E3-42A5-9AB8-E6CC9B48EA16}.Debug|Any CPU.ActiveCfg = Debug|Any CPU
		{095F44AA-10E3-42A5-9AB8-E6CC9B48EA16}.Debug|Any CPU.Build.0 = Debug|Any CPU
		{095F44AA-10E3-42A5-9AB8-E6CC9B48EA16}.Release|Any CPU.ActiveCfg = Release|Any CPU
		{095F44AA-10E3-42A5-9AB8-E6CC9B48EA16}.Release|Any CPU.Build.0 = Release|Any CPU
		{842BF638-F410-C8E0-EDDC-4ACBBF730343}.Debug|Any CPU.ActiveCfg = Debug|Any CPU
		{842BF638-F410-C8E0-EDDC-4ACBBF730343}.Debug|Any CPU.Build.0 = Debug|Any CPU
		{842BF638-F410-C8E0-EDDC-4ACBBF730343}.Release|Any CPU.ActiveCfg = Release|Any CPU
		{842BF638-F410-C8E0-EDDC-4ACBBF730343}.Release|Any CPU.Build.0 = Release|Any CPU
		{F858B141-4EAC-9BAC-FF9D-493F1629669F}.Debug|Any CPU.ActiveCfg = Debug|Any CPU
		{F858B141-4EAC-9BAC-FF9D-493F1629669F}.Debug|Any CPU.Build.0 = Debug|Any CPU
		{F858B141-4EAC-9BAC-FF9D-493F1629669F}.Release|Any CPU.ActiveCfg = Release|Any CPU
		{F858B141-4EAC-9BAC-FF9D-493F1629669F}.Release|Any CPU.Build.0 = Release|Any CPU
		{01AE4A69-8E6C-A2DA-DDA6-74ADDDEA74B7}.Debug|Any CPU.ActiveCfg = Debug|Any CPU
		{01AE4A69-8E6C-A2DA-DDA6-74ADDDEA74B7}.Debug|Any CPU.Build.0 = Debug|Any CPU
		{01AE4A69-8E6C-A2DA-DDA6-74ADDDEA74B7}.Release|Any CPU.ActiveCfg = Release|Any CPU
		{01AE4A69-8E6C-A2DA-DDA6-74ADDDEA74B7}.Release|Any CPU.Build.0 = Release|Any CPU
		{BBA3E368-D117-3FCA-1D5C-2103EB2D18AB}.Debug|Any CPU.ActiveCfg = Debug|Any CPU
		{BBA3E368-D117-3FCA-1D5C-2103EB2D18AB}.Debug|Any CPU.Build.0 = Debug|Any CPU
		{BBA3E368-D117-3FCA-1D5C-2103EB2D18AB}.Release|Any CPU.ActiveCfg = Release|Any CPU
		{BBA3E368-D117-3FCA-1D5C-2103EB2D18AB}.Release|Any CPU.Build.0 = Release|Any CPU
		{7E7B4446-292A-36DB-857D-90FA8D5BF750}.Debug|Any CPU.ActiveCfg = Debug|Any CPU
		{7E7B4446-292A-36DB-857D-90FA8D5BF750}.Debug|Any CPU.Build.0 = Debug|Any CPU
		{7E7B4446-292A-36DB-857D-90FA8D5BF750}.Release|Any CPU.ActiveCfg = Release|Any CPU
		{7E7B4446-292A-36DB-857D-90FA8D5BF750}.Release|Any CPU.Build.0 = Release|Any CPU
		{3B0D1C8D-375C-8C09-780D-C7D2534CD1AA}.Debug|Any CPU.ActiveCfg = Debug|Any CPU
		{3B0D1C8D-375C-8C09-780D-C7D2534CD1AA}.Debug|Any CPU.Build.0 = Debug|Any CPU
		{3B0D1C8D-375C-8C09-780D-C7D2534CD1AA}.Release|Any CPU.ActiveCfg = Release|Any CPU
		{3B0D1C8D-375C-8C09-780D-C7D2534CD1AA}.Release|Any CPU.Build.0 = Release|Any CPU
		{1D22DB55-49EE-F92F-F171-577178359519}.Debug|Any CPU.ActiveCfg = Debug|Any CPU
		{1D22DB55-49EE-F92F-F171-577178359519}.Debug|Any CPU.Build.0 = Debug|Any CPU
		{1D22DB55-49EE-F92F-F171-577178359519}.Release|Any CPU.ActiveCfg = Release|Any CPU
		{1D22DB55-49EE-F92F-F171-577178359519}.Release|Any CPU.Build.0 = Release|Any CPU
		{1520786F-126D-80C3-2127-EE66894E119F}.Debug|Any CPU.ActiveCfg = Debug|Any CPU
		{1520786F-126D-80C3-2127-EE66894E119F}.Debug|Any CPU.Build.0 = Debug|Any CPU
		{1520786F-126D-80C3-2127-EE66894E119F}.Release|Any CPU.ActiveCfg = Release|Any CPU
		{1520786F-126D-80C3-2127-EE66894E119F}.Release|Any CPU.Build.0 = Release|Any CPU
	EndGlobalSection
	GlobalSection(SolutionProperties) = preSolution
		HideSolutionNode = FALSE
	EndGlobalSection
EndGlobal
